
Microsoft Visual Studio Solution File, Format Version 12.00
# Visual Studio Version 17
VisualStudioVersion = 17.9.34728.123
MinimumVisualStudioVersion = 10.0.40219.1
Project("{FAE04EC0-301F-11D3-BF4B-00C04F79EFBC}") = "ClassLibrary", "ClassLibrary\ClassLibrary.csproj", "{935D8C75-AA4D-42F6-9891-0C2AA9157DA3}"
EndProject
Project("{FAE04EC0-301F-11D3-BF4B-00C04F79EFBC}") = "UnitTestProjectClassLibrary", "UnitTestProjectClassLibrary\UnitTestProjectClassLibrary.csproj", "{EC6CDAAD-AB5D-484A-BFDF-EBEF8B03CB50}"
EndProject
Global
	GlobalSection(SolutionConfigurationPlatforms) = preSolution
		Debug|Any CPU = Debug|Any CPU
		Release|Any CPU = Release|Any CPU
	EndGlobalSection
	GlobalSection(ProjectConfigurationPlatforms) = postSolution
		{935D8C75-AA4D-42F6-9891-0C2AA9157DA3}.Debug|Any CPU.ActiveCfg = Debug|Any CPU
		{935D8C75-AA4D-42F6-9891-0C2AA9157DA3}.Debug|Any CPU.Build.0 = Debug|Any CPU
		{935D8C75-AA4D-42F6-9891-0C2AA9157DA3}.Release|Any CPU.ActiveCfg = Release|Any CPU
		{935D8C75-AA4D-42F6-9891-0C2AA9157DA3}.Release|Any CPU.Build.0 = Release|Any CPU
		{EC6CDAAD-AB5D-484A-BFDF-EBEF8B03CB50}.Debug|Any CPU.ActiveCfg = Debug|Any CPU
		{EC6CDAAD-AB5D-484A-BFDF-EBEF8B03CB50}.Debug|Any CPU.Build.0 = Debug|Any CPU
		{EC6CDAAD-AB5D-484A-BFDF-EBEF8B03CB50}.Release|Any CPU.ActiveCfg = Release|Any CPU
		{EC6CDAAD-AB5D-484A-BFDF-EBEF8B03CB50}.Release|Any CPU.Build.0 = Release|Any CPU
	EndGlobalSection
	GlobalSection(SolutionProperties) = preSolution
		HideSolutionNode = FALSE
	EndGlobalSection
	GlobalSection(ExtensibilityGlobals) = postSolution
		SolutionGuid = {AA1D5C23-E92A-42FC-A3D0-DEE7A2194A00}
	EndGlobalSection
EndGlobal
